// !$*UTF8*$!
{
	archiveVersion = 1;
	classes = {
	};
	objectVersion = 77;
	objects = {

/* Begin PBXBuildFile section */
		AC0093872EDADD2300589BB2 /* EqualizerView.swift in Sources */ = {isa = PBXBuildFile; fileRef = AC00937F2EDADD2300589BB2 /* EqualizerView.swift */; };
		AC2CBA702ECA027B005DD432 /* HapticManager.swift in Sources */ = {isa = PBXBuildFile; fileRef = AC2CBA6F2ECA027B005DD432 /* HapticManager.swift */; };
		AC3A0F682E761869000CFC19 /* Launch Screen.storyboard in Resources */ = {isa = PBXBuildFile; fileRef = AC3A0F672E761869000CFC19 /* Launch Screen.storyboard */; };
		AC5B4AB52E982764006190E4 /* VolumeControlView.swift in Sources */ = {isa = PBXBuildFile; fileRef = AC5B4AB42E982764006190E4 /* VolumeControlView.swift */; };
		AC5B78A42EA5891E004AD706 /* SongInfoView.swift in Sources */ = {isa = PBXBuildFile; fileRef = AC5B78A32EA5891E004AD706 /* SongInfoView.swift */; };
		AC5B78A62EA58F41004AD706 /* ActivityViewController.swift in Sources */ = {isa = PBXBuildFile; fileRef = AC5B78A52EA58F41004AD706 /* ActivityViewController.swift */; };
		AC6773F72EA2A4110059C86C /* MetaDataService.swift in Sources */ = {isa = PBXBuildFile; fileRef = AC6773F62EA2A4110059C86C /* MetaDataService.swift */; };
		AC6773F92EA2A4200059C86C /* SongsViewModel.swift in Sources */ = {isa = PBXBuildFile; fileRef = AC6773F82EA2A4200059C86C /* SongsViewModel.swift */; };
		AC6773FB2EA2A4B40059C86C /* MusicLibraryService.swift in Sources */ = {isa = PBXBuildFile; fileRef = AC6773FA2EA2A4B40059C86C /* MusicLibraryService.swift */; };
		AC6774032EA2AF480059C86C /* PlayListCard.swift in Sources */ = {isa = PBXBuildFile; fileRef = AC6774022EA2AF480059C86C /* PlayListCard.swift */; };
		AC6774072EA2CA260059C86C /* AlbumsViewModel.swift in Sources */ = {isa = PBXBuildFile; fileRef = AC6774062EA2CA260059C86C /* AlbumsViewModel.swift */; };
		AC6774092EA2CAA70059C86C /* AlbumModel.swift in Sources */ = {isa = PBXBuildFile; fileRef = AC6774082EA2CAA70059C86C /* AlbumModel.swift */; };
		AC6F41792E7FD05F00B5BE35 /* Preview Assets.xcassets in Resources */ = {isa = PBXBuildFile; fileRef = AC6F416B2E7FD05F00B5BE35 /* Preview Assets.xcassets */; };
		AC6F417A2E7FD05F00B5BE35 /* Assets.xcassets in Resources */ = {isa = PBXBuildFile; fileRef = AC6F416F2E7FD05F00B5BE35 /* Assets.xcassets */; };
		AC6F417C2E7FD05F00B5BE35 /* AlbumsView.swift in Sources */ = {isa = PBXBuildFile; fileRef = AC6F416D2E7FD05F00B5BE35 /* AlbumsView.swift */; };
		AC6F417D2E7FD05F00B5BE35 /* AppColors.swift in Sources */ = {isa = PBXBuildFile; fileRef = AC6F416E2E7FD05F00B5BE35 /* AppColors.swift */; };
		AC6F417E2E7FD05F00B5BE35 /* DocumentPicker.swift in Sources */ = {isa = PBXBuildFile; fileRef = AC6F41702E7FD05F00B5BE35 /* DocumentPicker.swift */; };
		AC6F417F2E7FD05F00B5BE35 /* MainTabView.swift in Sources */ = {isa = PBXBuildFile; fileRef = AC6F41722E7FD05F00B5BE35 /* MainTabView.swift */; };
		AC6F41802E7FD05F00B5BE35 /* MP3FileCell.swift in Sources */ = {isa = PBXBuildFile; fileRef = AC6F41732E7FD05F00B5BE35 /* MP3FileCell.swift */; };
		AC6F41812E7FD05F00B5BE35 /* MusicPlayerView.swift in Sources */ = {isa = PBXBuildFile; fileRef = AC6F41742E7FD05F00B5BE35 /* MusicPlayerView.swift */; };
		AC6F41822E7FD05F00B5BE35 /* NaaPaataApp.swift in Sources */ = {isa = PBXBuildFile; fileRef = AC6F41752E7FD05F00B5BE35 /* NaaPaataApp.swift */; };
		AC6F41832E7FD05F00B5BE35 /* PlayListsView.swift in Sources */ = {isa = PBXBuildFile; fileRef = AC6F41762E7FD05F00B5BE35 /* PlayListsView.swift */; };
		AC6F41842E7FD05F00B5BE35 /* SongsView.swift in Sources */ = {isa = PBXBuildFile; fileRef = AC6F41772E7FD05F00B5BE35 /* SongsView.swift */; };
		AC6F41872E7FD26300B5BE35 /* MiniPlayerView.swift in Sources */ = {isa = PBXBuildFile; fileRef = AC6F41862E7FD26300B5BE35 /* MiniPlayerView.swift */; };
		AC6F41892E7FD29A00B5BE35 /* MusicPlayerManager.swift in Sources */ = {isa = PBXBuildFile; fileRef = AC6F41882E7FD29A00B5BE35 /* MusicPlayerManager.swift */; };
		AC6F418B2E7FE03700B5BE35 /* AlbumDetailsView.swift in Sources */ = {isa = PBXBuildFile; fileRef = AC6F418A2E7FE03700B5BE35 /* AlbumDetailsView.swift */; };
		AC8269A82EB6751C00722433 /* ButtonStyleViewModifier.swift in Sources */ = {isa = PBXBuildFile; fileRef = AC8269A72EB6751C00722433 /* ButtonStyleViewModifier.swift */; };
		AC8269AB2EB678D400722433 /* OnboardingView.swift in Sources */ = {isa = PBXBuildFile; fileRef = AC8269AA2EB678D400722433 /* OnboardingView.swift */; };
		ACAB2BA82EBFC7E4005F84D8 /* PlaybackStateService.swift in Sources */ = {isa = PBXBuildFile; fileRef = ACAB2BA72EBFC7D9005F84D8 /* PlaybackStateService.swift */; };
		ACAB2BAA2EBFC80B005F84D8 /* PlaybackStateModel.swift in Sources */ = {isa = PBXBuildFile; fileRef = ACAB2BA92EBFC80B005F84D8 /* PlaybackStateModel.swift */; };
		ACC27B4D2ED8B2F10037273C /* AdaptiveLayout.swift in Sources */ = {isa = PBXBuildFile; fileRef = ACC27B4B2ED8B2F10037273C /* AdaptiveLayout.swift */; };
		ACCBA9332EDB5FFE00531C3A /* EqualizerViewModel.swift in Sources */ = {isa = PBXBuildFile; fileRef = ACCBA9322EDB5FFE00531C3A /* EqualizerViewModel.swift */; };
		ACCBA9352EDB65AB00531C3A /* RotaryKnobView.swift in Sources */ = {isa = PBXBuildFile; fileRef = ACCBA9342EDB65AB00531C3A /* RotaryKnobView.swift */; };
		ACCBA9372EDB70AF00531C3A /* EqualizerSettings.swift in Sources */ = {isa = PBXBuildFile; fileRef = ACCBA9362EDB70AF00531C3A /* EqualizerSettings.swift */; };
		ACCBA9392EDC1E5E00531C3A /* StoreManager.swift in Sources */ = {isa = PBXBuildFile; fileRef = ACCBA9382EDC1E5800531C3A /* StoreManager.swift */; };
		ACCBA9422EDC290D00531C3A /* SubscriptionsView.swift in Sources */ = {isa = PBXBuildFile; fileRef = ACCBA9402EDC290D00531C3A /* SubscriptionsView.swift */; };
		ACCBA9482EDC2EAF00531C3A /* Naa Paata.storekit in Resources */ = {isa = PBXBuildFile; fileRef = ACCBA9472EDC2EAF00531C3A /* Naa Paata.storekit */; };
		ACD23E1F2E927D580054344D /* PlaylistDetailsView.swift in Sources */ = {isa = PBXBuildFile; fileRef = ACD23E1E2E927D580054344D /* PlaylistDetailsView.swift */; };
		ACD23E232E9285F60054344D /* SongModel.swift in Sources */ = {isa = PBXBuildFile; fileRef = ACD23E222E9285F60054344D /* SongModel.swift */; };
		ACD23E252E9286170054344D /* PlayListModel.swift in Sources */ = {isa = PBXBuildFile; fileRef = ACD23E242E9286170054344D /* PlayListModel.swift */; };
		ACD23E272E9286730054344D /* CreatePlaylistSheet.swift in Sources */ = {isa = PBXBuildFile; fileRef = ACD23E262E9286730054344D /* CreatePlaylistSheet.swift */; };
		ACD23E292E9286BB0054344D /* PlaylistSongRowView.swift in Sources */ = {isa = PBXBuildFile; fileRef = ACD23E282E9286BB0054344D /* PlaylistSongRowView.swift */; };
		ACD23E2B2E9286E70054344D /* AddSongsView.swift in Sources */ = {isa = PBXBuildFile; fileRef = ACD23E2A2E9286E70054344D /* AddSongsView.swift */; };
		ACD23E2D2E92871D0054344D /* EditPlaylistView.swift in Sources */ = {isa = PBXBuildFile; fileRef = ACD23E2C2E92871D0054344D /* EditPlaylistView.swift */; };
		ACD767E02EC6503D00895236 /* SafariView.swift in Sources */ = {isa = PBXBuildFile; fileRef = ACD767DF2EC6503D00895236 /* SafariView.swift */; };
		ACFFFD292ED75D5600A338D6 /* SongCacheService.swift in Sources */ = {isa = PBXBuildFile; fileRef = ACFFFD282ED75D5600A338D6 /* SongCacheService.swift */; };
		CD63CE544952496DAE492533 /* PurchaseError.swift in Sources */ = {isa = PBXBuildFile; fileRef = 5663AB6C319A4DD894CFE9E3 /* PurchaseError.swift */; };
		CE090E5A2F26365800B45930 /* GoogleMobileAds in Frameworks */ = {isa = PBXBuildFile; productRef = CE090E592F26365800B45930 /* GoogleMobileAds */; };
		CE090E5D2F26374900B45930 /* BannerAdView.swift in Sources */ = {isa = PBXBuildFile; fileRef = CE090E5C2F26374900B45930 /* BannerAdView.swift */; };
		CE090E602F2637AD00B45930 /* AddsKeys.swift in Sources */ = {isa = PBXBuildFile; fileRef = CE090E5F2F2637AD00B45930 /* AddsKeys.swift */; };
		CE7907E02E92E5E9006D517C /* LoadAllSongsFromDocuments.swift in Sources */ = {isa = PBXBuildFile; fileRef = CE7907DF2E92E5E9006D517C /* LoadAllSongsFromDocuments.swift */; };
		CE7907E22E92F01B006D517C /* PlaylistManager.swift in Sources */ = {isa = PBXBuildFile; fileRef = CE7907E12E92F01B006D517C /* PlaylistManager.swift */; };
		CE7907E52E92F591006D517C /* PlaylistViewModel.swift in Sources */ = {isa = PBXBuildFile; fileRef = CE7907E42E92F591006D517C /* PlaylistViewModel.swift */; };
/* End PBXBuildFile section */

/* Begin PBXFileReference section */
		5663AB6C319A4DD894CFE9E3 /* PurchaseError.swift */ = {isa = PBXFileReference; lastKnownFileType = sourcecode.swift; path = PurchaseError.swift; sourceTree = "<group>"; };
		AC00937F2EDADD2300589BB2 /* EqualizerView.swift */ = {isa = PBXFileReference; lastKnownFileType = sourcecode.swift; path = EqualizerView.swift; sourceTree = "<group>"; };
		AC2CBA6F2ECA027B005DD432 /* HapticManager.swift */ = {isa = PBXFileReference; lastKnownFileType = sourcecode.swift; path = HapticManager.swift; sourceTree = "<group>"; };
		AC3A0F2F2E7538B9000CFC19 /* NaaPaata.app */ = {isa = PBXFileReference; explicitFileType = wrapper.application; includeInIndex = 0; path = NaaPaata.app; sourceTree = BUILT_PRODUCTS_DIR; };
		AC3A0F672E761869000CFC19 /* Launch Screen.storyboard */ = {isa = PBXFileReference; lastKnownFileType = file.storyboard; path = "Launch Screen.storyboard"; sourceTree = "<group>"; };
		AC5B4AB42E982764006190E4 /* VolumeControlView.swift */ = {isa = PBXFileReference; lastKnownFileType = sourcecode.swift; path = VolumeControlView.swift; sourceTree = "<group>"; };
		AC5B78A32EA5891E004AD706 /* SongInfoView.swift */ = {isa = PBXFileReference; lastKnownFileType = sourcecode.swift; path = SongInfoView.swift; sourceTree = "<group>"; };
		AC5B78A52EA58F41004AD706 /* ActivityViewController.swift */ = {isa = PBXFileReference; lastKnownFileType = sourcecode.swift; path = ActivityViewController.swift; sourceTree = "<group>"; };
		AC6773F62EA2A4110059C86C /* MetaDataService.swift */ = {isa = PBXFileReference; lastKnownFileType = sourcecode.swift; path = MetaDataService.swift; sourceTree = "<group>"; };
		AC6773F82EA2A4200059C86C /* SongsViewModel.swift */ = {isa = PBXFileReference; lastKnownFileType = sourcecode.swift; path = SongsViewModel.swift; sourceTree = "<group>"; };
		AC6773FA2EA2A4B40059C86C /* MusicLibraryService.swift */ = {isa = PBXFileReference; lastKnownFileType = sourcecode.swift; path = MusicLibraryService.swift; sourceTree = "<group>"; };
		AC6774022EA2AF480059C86C /* PlayListCard.swift */ = {isa = PBXFileReference; lastKnownFileType = sourcecode.swift; path = PlayListCard.swift; sourceTree = "<group>"; };
		AC6774062EA2CA260059C86C /* AlbumsViewModel.swift */ = {isa = PBXFileReference; lastKnownFileType = sourcecode.swift; path = AlbumsViewModel.swift; sourceTree = "<group>"; };
		AC6774082EA2CAA70059C86C /* AlbumModel.swift */ = {isa = PBXFileReference; lastKnownFileType = sourcecode.swift; path = AlbumModel.swift; sourceTree = "<group>"; };
		AC6F416B2E7FD05F00B5BE35 /* Preview Assets.xcassets */ = {isa = PBXFileReference; lastKnownFileType = folder.assetcatalog; path = "Preview Assets.xcassets"; sourceTree = "<group>"; };
		AC6F416D2E7FD05F00B5BE35 /* AlbumsView.swift */ = {isa = PBXFileReference; lastKnownFileType = sourcecode.swift; path = AlbumsView.swift; sourceTree = "<group>"; };
		AC6F416E2E7FD05F00B5BE35 /* AppColors.swift */ = {isa = PBXFileReference; lastKnownFileType = sourcecode.swift; path = AppColors.swift; sourceTree = "<group>"; };
		AC6F416F2E7FD05F00B5BE35 /* Assets.xcassets */ = {isa = PBXFileReference; lastKnownFileType = folder.assetcatalog; path = Assets.xcassets; sourceTree = "<group>"; };
		AC6F41702E7FD05F00B5BE35 /* DocumentPicker.swift */ = {isa = PBXFileReference; lastKnownFileType = sourcecode.swift; path = DocumentPicker.swift; sourceTree = "<group>"; };
		AC6F41712E7FD05F00B5BE35 /* Info.plist */ = {isa = PBXFileReference; lastKnownFileType = text.plist.xml; path = Info.plist; sourceTree = "<group>"; };
		AC6F41722E7FD05F00B5BE35 /* MainTabView.swift */ = {isa = PBXFileReference; lastKnownFileType = sourcecode.swift; path = MainTabView.swift; sourceTree = "<group>"; };
		AC6F41732E7FD05F00B5BE35 /* MP3FileCell.swift */ = {isa = PBXFileReference; lastKnownFileType = sourcecode.swift; path = MP3FileCell.swift; sourceTree = "<group>"; };
		AC6F41742E7FD05F00B5BE35 /* MusicPlayerView.swift */ = {isa = PBXFileReference; lastKnownFileType = sourcecode.swift; path = MusicPlayerView.swift; sourceTree = "<group>"; };
		AC6F41752E7FD05F00B5BE35 /* NaaPaataApp.swift */ = {isa = PBXFileReference; lastKnownFileType = sourcecode.swift; path = NaaPaataApp.swift; sourceTree = "<group>"; };
		AC6F41762E7FD05F00B5BE35 /* PlayListsView.swift */ = {isa = PBXFileReference; lastKnownFileType = sourcecode.swift; path = PlayListsView.swift; sourceTree = "<group>"; };
		AC6F41772E7FD05F00B5BE35 /* SongsView.swift */ = {isa = PBXFileReference; lastKnownFileType = sourcecode.swift; path = SongsView.swift; sourceTree = "<group>"; };
		AC6F41862E7FD26300B5BE35 /* MiniPlayerView.swift */ = {isa = PBXFileReference; lastKnownFileType = sourcecode.swift; path = MiniPlayerView.swift; sourceTree = "<group>"; };
		AC6F41882E7FD29A00B5BE35 /* MusicPlayerManager.swift */ = {isa = PBXFileReference; lastKnownFileType = sourcecode.swift; path = MusicPlayerManager.swift; sourceTree = "<group>"; };
		AC6F418A2E7FE03700B5BE35 /* AlbumDetailsView.swift */ = {isa = PBXFileReference; lastKnownFileType = sourcecode.swift; path = AlbumDetailsView.swift; sourceTree = "<group>"; };
		AC8269A72EB6751C00722433 /* ButtonStyleViewModifier.swift */ = {isa = PBXFileReference; lastKnownFileType = sourcecode.swift; path = ButtonStyleViewModifier.swift; sourceTree = "<group>"; };
		AC8269AA2EB678D400722433 /* OnboardingView.swift */ = {isa = PBXFileReference; lastKnownFileType = sourcecode.swift; path = OnboardingView.swift; sourceTree = "<group>"; };
		ACAB2BA72EBFC7D9005F84D8 /* PlaybackStateService.swift */ = {isa = PBXFileReference; lastKnownFileType = sourcecode.swift; path = PlaybackStateService.swift; sourceTree = "<group>"; };
		ACAB2BA92EBFC80B005F84D8 /* PlaybackStateModel.swift */ = {isa = PBXFileReference; lastKnownFileType = sourcecode.swift; path = PlaybackStateModel.swift; sourceTree = "<group>"; };
		ACC27B4B2ED8B2F10037273C /* AdaptiveLayout.swift */ = {isa = PBXFileReference; lastKnownFileType = sourcecode.swift; path = AdaptiveLayout.swift; sourceTree = "<group>"; };
		ACCBA9322EDB5FFE00531C3A /* EqualizerViewModel.swift */ = {isa = PBXFileReference; lastKnownFileType = sourcecode.swift; path = EqualizerViewModel.swift; sourceTree = "<group>"; };
		ACCBA9342EDB65AB00531C3A /* RotaryKnobView.swift */ = {isa = PBXFileReference; lastKnownFileType = sourcecode.swift; path = RotaryKnobView.swift; sourceTree = "<group>"; };
		ACCBA9362EDB70AF00531C3A /* EqualizerSettings.swift */ = {isa = PBXFileReference; lastKnownFileType = sourcecode.swift; path = EqualizerSettings.swift; sourceTree = "<group>"; };
		ACCBA9382EDC1E5800531C3A /* StoreManager.swift */ = {isa = PBXFileReference; lastKnownFileType = sourcecode.swift; path = StoreManager.swift; sourceTree = "<group>"; };
		ACCBA9402EDC290D00531C3A /* SubscriptionsView.swift */ = {isa = PBXFileReference; lastKnownFileType = sourcecode.swift; path = SubscriptionsView.swift; sourceTree = "<group>"; };
		ACCBA9472EDC2EAF00531C3A /* Naa Paata.storekit */ = {isa = PBXFileReference; lastKnownFileType = text; path = "Naa Paata.storekit"; sourceTree = "<group>"; };
		ACD23E1E2E927D580054344D /* PlaylistDetailsView.swift */ = {isa = PBXFileReference; lastKnownFileType = sourcecode.swift; path = PlaylistDetailsView.swift; sourceTree = "<group>"; };
		ACD23E222E9285F60054344D /* SongModel.swift */ = {isa = PBXFileReference; lastKnownFileType = sourcecode.swift; path = SongModel.swift; sourceTree = "<group>"; };
		ACD23E242E9286170054344D /* PlayListModel.swift */ = {isa = PBXFileReference; lastKnownFileType = sourcecode.swift; path = PlayListModel.swift; sourceTree = "<group>"; };
		ACD23E262E9286730054344D /* CreatePlaylistSheet.swift */ = {isa = PBXFileReference; lastKnownFileType = sourcecode.swift; path = CreatePlaylistSheet.swift; sourceTree = "<group>"; };
		ACD23E282E9286BB0054344D /* PlaylistSongRowView.swift */ = {isa = PBXFileReference; lastKnownFileType = sourcecode.swift; path = PlaylistSongRowView.swift; sourceTree = "<group>"; };
		ACD23E2A2E9286E70054344D /* AddSongsView.swift */ = {isa = PBXFileReference; lastKnownFileType = sourcecode.swift; path = AddSongsView.swift; sourceTree = "<group>"; };
		ACD23E2C2E92871D0054344D /* EditPlaylistView.swift */ = {isa = PBXFileReference; lastKnownFileType = sourcecode.swift; path = EditPlaylistView.swift; sourceTree = "<group>"; };
		ACD767DF2EC6503D00895236 /* SafariView.swift */ = {isa = PBXFileReference; lastKnownFileType = sourcecode.swift; path = SafariView.swift; sourceTree = "<group>"; };
		ACFFFD282ED75D5600A338D6 /* SongCacheService.swift */ = {isa = PBXFileReference; lastKnownFileType = sourcecode.swift; path = SongCacheService.swift; sourceTree = "<group>"; };
		CE090E5C2F26374900B45930 /* BannerAdView.swift */ = {isa = PBXFileReference; lastKnownFileType = sourcecode.swift; path = BannerAdView.swift; sourceTree = "<group>"; };
		CE090E5F2F2637AD00B45930 /* AddsKeys.swift */ = {isa = PBXFileReference; lastKnownFileType = sourcecode.swift; path = AddsKeys.swift; sourceTree = "<group>"; };
		CE7907DF2E92E5E9006D517C /* LoadAllSongsFromDocuments.swift */ = {isa = PBXFileReference; lastKnownFileType = sourcecode.swift; path = LoadAllSongsFromDocuments.swift; sourceTree = "<group>"; };
		CE7907E12E92F01B006D517C /* PlaylistManager.swift */ = {isa = PBXFileReference; lastKnownFileType = sourcecode.swift; path = PlaylistManager.swift; sourceTree = "<group>"; };
		CE7907E42E92F591006D517C /* PlaylistViewModel.swift */ = {isa = PBXFileReference; lastKnownFileType = sourcecode.swift; path = PlaylistViewModel.swift; sourceTree = "<group>"; };
/* End PBXFileReference section */

/* Begin PBXFrameworksBuildPhase section */
		AC3A0F2C2E7538B9000CFC19 /* Frameworks */ = {
			isa = PBXFrameworksBuildPhase;
			buildActionMask = 2147483647;
			files = (
				CE090E5A2F26365800B45930 /* GoogleMobileAds in Frameworks */,
			);
			runOnlyForDeploymentPostprocessing = 0;
		};
/* End PBXFrameworksBuildPhase section */

/* Begin PBXGroup section */
		AC0093832EDADD2300589BB2 /* Equalizer */ = {
			isa = PBXGroup;
			children = (
				AC00937F2EDADD2300589BB2 /* EqualizerView.swift */,
				ACCBA9322EDB5FFE00531C3A /* EqualizerViewModel.swift */,
				ACCBA9342EDB65AB00531C3A /* RotaryKnobView.swift */,
			);
			path = Equalizer;
			sourceTree = "<group>";
		};
		AC279E802E90325000E33715 /* App */ = {
			isa = PBXGroup;
			children = (
				AC6F41752E7FD05F00B5BE35 /* NaaPaataApp.swift */,
				AC6F41722E7FD05F00B5BE35 /* MainTabView.swift */,
			);
			path = App;
			sourceTree = "<group>";
		};
		AC279E822E9032B300E33715 /* Color+Ext */ = {
			isa = PBXGroup;
			children = (
				AC6F416E2E7FD05F00B5BE35 /* AppColors.swift */,
			);
			path = "Color+Ext";
			sourceTree = "<group>";
		};
		AC3A0F262E7538B9000CFC19 = {
			isa = PBXGroup;
			children = (
				ACCBA9472EDC2EAF00531C3A /* Naa Paata.storekit */,
				AC3A0F672E761869000CFC19 /* Launch Screen.storyboard */,
				AC6F41782E7FD05F00B5BE35 /* NaaPaata */,
				AC3A0F302E7538B9000CFC19 /* Products */,
			);
			sourceTree = "<group>";
		};
		AC3A0F302E7538B9000CFC19 /* Products */ = {
			isa = PBXGroup;
			children = (
				AC3A0F2F2E7538B9000CFC19 /* NaaPaata.app */,
			);
			name = Products;
			sourceTree = "<group>";
		};
		AC5B78A92EA597B0004AD706 /* SongInfo */ = {
			isa = PBXGroup;
			children = (
				AC5B78A32EA5891E004AD706 /* SongInfoView.swift */,
			);
			path = SongInfo;
			sourceTree = "<group>";
		};
		AC5B78AA2EA597E8004AD706 /* ShareView */ = {
			isa = PBXGroup;
			children = (
				AC5B78A52EA58F41004AD706 /* ActivityViewController.swift */,
			);
			path = ShareView;
			sourceTree = "<group>";
		};
		AC6773EF2EA2A2290059C86C /* Model */ = {
			isa = PBXGroup;
			children = (
				ACD23E222E9285F60054344D /* SongModel.swift */,
				ACD23E242E9286170054344D /* PlayListModel.swift */,
				AC6774082EA2CAA70059C86C /* AlbumModel.swift */,
				ACAB2BA92EBFC80B005F84D8 /* PlaybackStateModel.swift */,
				ACCBA9362EDB70AF00531C3A /* EqualizerSettings.swift */,
				5663AB6C319A4DD894CFE9E3 /* PurchaseError.swift */,
			);
			path = Model;
			sourceTree = "<group>";
		};
		AC6773F02EA2A22F0059C86C /* Views */ = {
			isa = PBXGroup;
			children = (
				ACCBA9412EDC290D00531C3A /* Subscriptions */,
				AC0093832EDADD2300589BB2 /* Equalizer */,
				AC8269A92EB678BD00722433 /* OnboardingView */,
				AC6773F32EA2A27E0059C86C /* Player */,
				AC6F41852E7FD13D00B5BE35 /* Songs */,
				AC6F418C2E80421C00B5BE35 /* Albums */,
				AC6773F52EA2A2B30059C86C /* Playlists */,
				AC5B78A92EA597B0004AD706 /* SongInfo */,
				AC5B78AA2EA597E8004AD706 /* ShareView */,
				ACD767DE2EC6502100895236 /* SafariView */,
				AC8269A62EB6750B00722433 /* ViewModifiers */,
			);
			path = Views;
			sourceTree = "<group>";
		};
		AC6773F12EA2A2350059C86C /* ViewModels */ = {
			isa = PBXGroup;
			children = (
				AC6773F82EA2A4200059C86C /* SongsViewModel.swift */,
				AC6774062EA2CA260059C86C /* AlbumsViewModel.swift */,
				CE7907E42E92F591006D517C /* PlaylistViewModel.swift */,
			);
			path = ViewModels;
			sourceTree = "<group>";
		};
		AC6773F22EA2A2400059C86C /* Managers */ = {
			isa = PBXGroup;
			children = (
				ACCBA9382EDC1E5800531C3A /* StoreManager.swift */,
				AC6F41882E7FD29A00B5BE35 /* MusicPlayerManager.swift */,
				CE7907E12E92F01B006D517C /* PlaylistManager.swift */,
				AC2CBA6F2ECA027B005DD432 /* HapticManager.swift */,
			);
			path = Managers;
			sourceTree = "<group>";
		};
		AC6773F32EA2A27E0059C86C /* Player */ = {
			isa = PBXGroup;
			children = (
				AC6F41862E7FD26300B5BE35 /* MiniPlayerView.swift */,
				AC6F41742E7FD05F00B5BE35 /* MusicPlayerView.swift */,
			);
			path = Player;
			sourceTree = "<group>";
		};
		AC6773F52EA2A2B30059C86C /* Playlists */ = {
			isa = PBXGroup;
			children = (
				ACD23E2C2E92871D0054344D /* EditPlaylistView.swift */,
				AC6F41762E7FD05F00B5BE35 /* PlayListsView.swift */,
				ACD23E262E9286730054344D /* CreatePlaylistSheet.swift */,
				ACD23E2A2E9286E70054344D /* AddSongsView.swift */,
				ACD23E282E9286BB0054344D /* PlaylistSongRowView.swift */,
				ACD23E1E2E927D580054344D /* PlaylistDetailsView.swift */,
				AC6774022EA2AF480059C86C /* PlayListCard.swift */,
			);
			path = Playlists;
			sourceTree = "<group>";
		};
		AC6F416C2E7FD05F00B5BE35 /* Preview Content */ = {
			isa = PBXGroup;
			children = (
				AC6F416B2E7FD05F00B5BE35 /* Preview Assets.xcassets */,
			);
			path = "Preview Content";
			sourceTree = "<group>";
		};
		AC6F41782E7FD05F00B5BE35 /* NaaPaata */ = {
			isa = PBXGroup;
			children = (
				AC279E802E90325000E33715 /* App */,
				CE090E5B2F26373F00B45930 /* Shared */,
				AC6773EF2EA2A2290059C86C /* Model */,
				CE7907DE2E92E5CC006D517C /* Services */,
				ACC27B4C2ED8B2F10037273C /* Utils */,
				AC6773F22EA2A2400059C86C /* Managers */,
				AC6773F12EA2A2350059C86C /* ViewModels */,
				AC6773F02EA2A22F0059C86C /* Views */,
				AC279E822E9032B300E33715 /* Color+Ext */,
				AC6F416F2E7FD05F00B5BE35 /* Assets.xcassets */,
				AC6F41712E7FD05F00B5BE35 /* Info.plist */,
				AC6F416C2E7FD05F00B5BE35 /* Preview Content */,
			);
			path = NaaPaata;
			sourceTree = "<group>";
		};
		AC6F41852E7FD13D00B5BE35 /* Songs */ = {
			isa = PBXGroup;
			children = (
				AC6F41772E7FD05F00B5BE35 /* SongsView.swift */,
				AC6F41732E7FD05F00B5BE35 /* MP3FileCell.swift */,
				AC6F41702E7FD05F00B5BE35 /* DocumentPicker.swift */,
				AC5B4AB42E982764006190E4 /* VolumeControlView.swift */,
			);
			path = Songs;
			sourceTree = "<group>";
		};
		AC6F418C2E80421C00B5BE35 /* Albums */ = {
			isa = PBXGroup;
			children = (
				AC6F416D2E7FD05F00B5BE35 /* AlbumsView.swift */,
				AC6F418A2E7FE03700B5BE35 /* AlbumDetailsView.swift */,
			);
			path = Albums;
			sourceTree = "<group>";
		};
		AC8269A62EB6750B00722433 /* ViewModifiers */ = {
			isa = PBXGroup;
			children = (
				AC8269A72EB6751C00722433 /* ButtonStyleViewModifier.swift */,
			);
			path = ViewModifiers;
			sourceTree = "<group>";
		};
		AC8269A92EB678BD00722433 /* OnboardingView */ = {
			isa = PBXGroup;
			children = (
				AC8269AA2EB678D400722433 /* OnboardingView.swift */,
			);
			path = OnboardingView;
			sourceTree = "<group>";
		};
		ACC27B4C2ED8B2F10037273C /* Utils */ = {
			isa = PBXGroup;
			children = (
				ACC27B4B2ED8B2F10037273C /* AdaptiveLayout.swift */,
			);
			path = Utils;
			sourceTree = "<group>";
		};
		ACCBA9412EDC290D00531C3A /* Subscriptions */ = {
			isa = PBXGroup;
			children = (
				ACCBA9402EDC290D00531C3A /* SubscriptionsView.swift */,
			);
			path = Subscriptions;
			sourceTree = "<group>";
		};
		ACD767DE2EC6502100895236 /* SafariView */ = {
			isa = PBXGroup;
			children = (
				ACD767DF2EC6503D00895236 /* SafariView.swift */,
			);
			path = SafariView;
			sourceTree = "<group>";
		};
		CE090E5B2F26373F00B45930 /* Shared */ = {
			isa = PBXGroup;
			children = (
				CE090E5E2F26379C00B45930 /* Mob Adds */,
			);
			path = Shared;
			sourceTree = "<group>";
		};
		CE090E5E2F26379C00B45930 /* Mob Adds */ = {
			isa = PBXGroup;
			children = (
				CE090E5C2F26374900B45930 /* BannerAdView.swift */,
				CE090E5F2F2637AD00B45930 /* AddsKeys.swift */,
			);
			path = "Mob Adds";
			sourceTree = "<group>";
		};
		CE7907DE2E92E5CC006D517C /* Services */ = {
			isa = PBXGroup;
			children = (
				ACFFFD282ED75D5600A338D6 /* SongCacheService.swift */,
				ACAB2BA72EBFC7D9005F84D8 /* PlaybackStateService.swift */,
				CE7907DF2E92E5E9006D517C /* LoadAllSongsFromDocuments.swift */,
				AC6773F62EA2A4110059C86C /* MetaDataService.swift */,
				AC6773FA2EA2A4B40059C86C /* MusicLibraryService.swift */,
			);
			path = Services;
			sourceTree = "<group>";
		};
/* End PBXGroup section */

/* Begin PBXNativeTarget section */
		AC3A0F2E2E7538B9000CFC19 /* NaaPaata */ = {
			isa = PBXNativeTarget;
			buildConfigurationList = AC3A0F3D2E7538BB000CFC19 /* Build configuration list for PBXNativeTarget "NaaPaata" */;
			buildPhases = (
				AC3A0F2B2E7538B9000CFC19 /* Sources */,
				AC3A0F2C2E7538B9000CFC19 /* Frameworks */,
				AC3A0F2D2E7538B9000CFC19 /* Resources */,
			);
			buildRules = (
			);
			dependencies = (
			);
			name = NaaPaata;
			packageProductDependencies = (
				CE090E592F26365800B45930 /* GoogleMobileAds */,
			);
			productName = NaaPaata;
			productReference = AC3A0F2F2E7538B9000CFC19 /* NaaPaata.app */;
			productType = "com.apple.product-type.application";
		};
/* End PBXNativeTarget section */

/* Begin PBXProject section */
		AC3A0F272E7538B9000CFC19 /* Project object */ = {
			isa = PBXProject;
			attributes = {
				BuildIndependentTargetsInParallel = 1;
				LastSwiftUpdateCheck = 1610;
				LastUpgradeCheck = 1610;
				TargetAttributes = {
					AC3A0F2E2E7538B9000CFC19 = {
						CreatedOnToolsVersion = 16.1;
					};
				};
			};
			buildConfigurationList = AC3A0F2A2E7538B9000CFC19 /* Build configuration list for PBXProject "NaaPaata" */;
			developmentRegion = en;
			hasScannedForEncodings = 0;
			knownRegions = (
				en,
				Base,
			);
			mainGroup = AC3A0F262E7538B9000CFC19;
			minimizedProjectReferenceProxies = 1;
			packageReferences = (
				CE090E582F26365800B45930 /* XCRemoteSwiftPackageReference "swift-package-manager-google-mobile-ads" */,
			);
			preferredProjectObjectVersion = 77;
			productRefGroup = AC3A0F302E7538B9000CFC19 /* Products */;
			projectDirPath = "";
			projectRoot = "";
			targets = (
				AC3A0F2E2E7538B9000CFC19 /* NaaPaata */,
			);
		};
/* End PBXProject section */

/* Begin PBXResourcesBuildPhase section */
		AC3A0F2D2E7538B9000CFC19 /* Resources */ = {
			isa = PBXResourcesBuildPhase;
			buildActionMask = 2147483647;
			files = (
				ACCBA9482EDC2EAF00531C3A /* Naa Paata.storekit in Resources */,
				AC6F41792E7FD05F00B5BE35 /* Preview Assets.xcassets in Resources */,
				AC6F417A2E7FD05F00B5BE35 /* Assets.xcassets in Resources */,
				AC3A0F682E761869000CFC19 /* Launch Screen.storyboard in Resources */,
			);
			runOnlyForDeploymentPostprocessing = 0;
		};
/* End PBXResourcesBuildPhase section */

/* Begin PBXSourcesBuildPhase section */
		AC3A0F2B2E7538B9000CFC19 /* Sources */ = {
			isa = PBXSourcesBuildPhase;
			buildActionMask = 2147483647;
			files = (
				AC6F417C2E7FD05F00B5BE35 /* AlbumsView.swift in Sources */,
				AC6774092EA2CAA70059C86C /* AlbumModel.swift in Sources */,
				AC6F417D2E7FD05F00B5BE35 /* AppColors.swift in Sources */,
				AC6774072EA2CA260059C86C /* AlbumsViewModel.swift in Sources */,
				AC6F417E2E7FD05F00B5BE35 /* DocumentPicker.swift in Sources */,
				AC2CBA702ECA027B005DD432 /* HapticManager.swift in Sources */,
				AC6773FB2EA2A4B40059C86C /* MusicLibraryService.swift in Sources */,
				ACFFFD292ED75D5600A338D6 /* SongCacheService.swift in Sources */,
				ACD23E2B2E9286E70054344D /* AddSongsView.swift in Sources */,
				ACD23E272E9286730054344D /* CreatePlaylistSheet.swift in Sources */,
				AC6F418B2E7FE03700B5BE35 /* AlbumDetailsView.swift in Sources */,
				CE090E5D2F26374900B45930 /* BannerAdView.swift in Sources */,
				AC6773F92EA2A4200059C86C /* SongsViewModel.swift in Sources */,
				AC0093872EDADD2300589BB2 /* EqualizerView.swift in Sources */,
				AC6F417F2E7FD05F00B5BE35 /* MainTabView.swift in Sources */,
				AC6774032EA2AF480059C86C /* PlayListCard.swift in Sources */,
				CE7907E02E92E5E9006D517C /* LoadAllSongsFromDocuments.swift in Sources */,
				AC6F41802E7FD05F00B5BE35 /* MP3FileCell.swift in Sources */,
				AC6F41812E7FD05F00B5BE35 /* MusicPlayerView.swift in Sources */,
				AC8269A82EB6751C00722433 /* ButtonStyleViewModifier.swift in Sources */,
				AC6773F72EA2A4110059C86C /* MetaDataService.swift in Sources */,
				AC5B78A62EA58F41004AD706 /* ActivityViewController.swift in Sources */,
				AC5B4AB52E982764006190E4 /* VolumeControlView.swift in Sources */,
				CE7907E52E92F591006D517C /* PlaylistViewModel.swift in Sources */,
				AC6F41822E7FD05F00B5BE35 /* NaaPaataApp.swift in Sources */,
				ACCBA9332EDB5FFE00531C3A /* EqualizerViewModel.swift in Sources */,
				ACCBA9422EDC290D00531C3A /* SubscriptionsView.swift in Sources */,
				ACCBA9392EDC1E5E00531C3A /* StoreManager.swift in Sources */,
				AC8269AB2EB678D400722433 /* OnboardingView.swift in Sources */,
				ACC27B4D2ED8B2F10037273C /* AdaptiveLayout.swift in Sources */,
				AC6F41832E7FD05F00B5BE35 /* PlayListsView.swift in Sources */,
				ACD23E292E9286BB0054344D /* PlaylistSongRowView.swift in Sources */,
				ACCBA9352EDB65AB00531C3A /* RotaryKnobView.swift in Sources */,
				CE090E602F2637AD00B45930 /* AddsKeys.swift in Sources */,
				ACD23E2D2E92871D0054344D /* EditPlaylistView.swift in Sources */,
				ACAB2BAA2EBFC80B005F84D8 /* PlaybackStateModel.swift in Sources */,
				ACCBA9372EDB70AF00531C3A /* EqualizerSettings.swift in Sources */,
				AC6F41872E7FD26300B5BE35 /* MiniPlayerView.swift in Sources */,
				ACD23E232E9285F60054344D /* SongModel.swift in Sources */,
				ACD767E02EC6503D00895236 /* SafariView.swift in Sources */,
				AC6F41892E7FD29A00B5BE35 /* MusicPlayerManager.swift in Sources */,
				ACD23E1F2E927D580054344D /* PlaylistDetailsView.swift in Sources */,
				CE7907E22E92F01B006D517C /* PlaylistManager.swift in Sources */,
				AC5B78A42EA5891E004AD706 /* SongInfoView.swift in Sources */,
				AC6F41842E7FD05F00B5BE35 /* SongsView.swift in Sources */,
				ACAB2BA82EBFC7E4005F84D8 /* PlaybackStateService.swift in Sources */,
				ACD23E252E9286170054344D /* PlayListModel.swift in Sources */,
				CD63CE544952496DAE492533 /* PurchaseError.swift in Sources */,
			);
			runOnlyForDeploymentPostprocessing = 0;
		};
/* End PBXSourcesBuildPhase section */

/* Begin XCBuildConfiguration section */
		AC3A0F3B2E7538BB000CFC19 /* Debug */ = {
			isa = XCBuildConfiguration;
			buildSettings = {
				ALWAYS_SEARCH_USER_PATHS = NO;
				ASSETCATALOG_COMPILER_GENERATE_SWIFT_ASSET_SYMBOL_EXTENSIONS = YES;
				CLANG_ANALYZER_NONNULL = YES;
				CLANG_ANALYZER_NUMBER_OBJECT_CONVERSION = YES_AGGRESSIVE;
				CLANG_CXX_LANGUAGE_STANDARD = "gnu++20";
				CLANG_ENABLE_MODULES = YES;
				CLANG_ENABLE_OBJC_ARC = YES;
				CLANG_ENABLE_OBJC_WEAK = YES;
				CLANG_WARN_BLOCK_CAPTURE_AUTORELEASING = YES;
				CLANG_WARN_BOOL_CONVERSION = YES;
				CLANG_WARN_COMMA = YES;
				CLANG_WARN_CONSTANT_CONVERSION = YES;
				CLANG_WARN_DEPRECATED_OBJC_IMPLEMENTATIONS = YES;
				CLANG_WARN_DIRECT_OBJC_ISA_USAGE = YES_ERROR;
				CLANG_WARN_DOCUMENTATION_COMMENTS = YES;
				CLANG_WARN_EMPTY_BODY = YES;
				CLANG_WARN_ENUM_CONVERSION = YES;
				CLANG_WARN_INFINITE_RECURSION = YES;
				CLANG_WARN_INT_CONVERSION = YES;
				CLANG_WARN_NON_LITERAL_NULL_CONVERSION = YES;
				CLANG_WARN_OBJC_IMPLICIT_RETAIN_SELF = YES;
				CLANG_WARN_OBJC_LITERAL_CONVERSION = YES;
				CLANG_WARN_OBJC_ROOT_CLASS = YES_ERROR;
				CLANG_WARN_QUOTED_INCLUDE_IN_FRAMEWORK_HEADER = YES;
				CLANG_WARN_RANGE_LOOP_ANALYSIS = YES;
				CLANG_WARN_STRICT_PROTOTYPES = YES;
				CLANG_WARN_SUSPICIOUS_MOVE = YES;
				CLANG_WARN_UNGUARDED_AVAILABILITY = YES_AGGRESSIVE;
				CLANG_WARN_UNREACHABLE_CODE = YES;
				CLANG_WARN__DUPLICATE_METHOD_MATCH = YES;
				COPY_PHASE_STRIP = NO;
				DEBUG_INFORMATION_FORMAT = dwarf;
				ENABLE_STRICT_OBJC_MSGSEND = YES;
				ENABLE_TESTABILITY = YES;
				ENABLE_USER_SCRIPT_SANDBOXING = YES;
				GCC_C_LANGUAGE_STANDARD = gnu17;
				GCC_DYNAMIC_NO_PIC = NO;
				GCC_NO_COMMON_BLOCKS = YES;
				GCC_OPTIMIZATION_LEVEL = 0;
				GCC_PREPROCESSOR_DEFINITIONS = (
					"DEBUG=1",
					"$(inherited)",
				);
				GCC_WARN_64_TO_32_BIT_CONVERSION = YES;
				GCC_WARN_ABOUT_RETURN_TYPE = YES_ERROR;
				GCC_WARN_UNDECLARED_SELECTOR = YES;
				GCC_WARN_UNINITIALIZED_AUTOS = YES_AGGRESSIVE;
				GCC_WARN_UNUSED_FUNCTION = YES;
				GCC_WARN_UNUSED_VARIABLE = YES;
				IPHONEOS_DEPLOYMENT_TARGET = 18.1;
				LOCALIZATION_PREFERS_STRING_CATALOGS = YES;
				MTL_ENABLE_DEBUG_INFO = INCLUDE_SOURCE;
				MTL_FAST_MATH = YES;
				ONLY_ACTIVE_ARCH = YES;
				SDKROOT = iphoneos;
				SWIFT_ACTIVE_COMPILATION_CONDITIONS = "DEBUG $(inherited)";
				SWIFT_OPTIMIZATION_LEVEL = "-Onone";
			};
			name = Debug;
		};
		AC3A0F3C2E7538BB000CFC19 /* Release */ = {
			isa = XCBuildConfiguration;
			buildSettings = {
				ALWAYS_SEARCH_USER_PATHS = NO;
				ASSETCATALOG_COMPILER_GENERATE_SWIFT_ASSET_SYMBOL_EXTENSIONS = YES;
				CLANG_ANALYZER_NONNULL = YES;
				CLANG_ANALYZER_NUMBER_OBJECT_CONVERSION = YES_AGGRESSIVE;
				CLANG_CXX_LANGUAGE_STANDARD = "gnu++20";
				CLANG_ENABLE_MODULES = YES;
				CLANG_ENABLE_OBJC_ARC = YES;
				CLANG_ENABLE_OBJC_WEAK = YES;
				CLANG_WARN_BLOCK_CAPTURE_AUTORELEASING = YES;
				CLANG_WARN_BOOL_CONVERSION = YES;
				CLANG_WARN_COMMA = YES;
				CLANG_WARN_CONSTANT_CONVERSION = YES;
				CLANG_WARN_DEPRECATED_OBJC_IMPLEMENTATIONS = YES;
				CLANG_WARN_DIRECT_OBJC_ISA_USAGE = YES_ERROR;
				CLANG_WARN_DOCUMENTATION_COMMENTS = YES;
				CLANG_WARN_EMPTY_BODY = YES;
				CLANG_WARN_ENUM_CONVERSION = YES;
				CLANG_WARN_INFINITE_RECURSION = YES;
				CLANG_WARN_INT_CONVERSION = YES;
				CLANG_WARN_NON_LITERAL_NULL_CONVERSION = YES;
				CLANG_WARN_OBJC_IMPLICIT_RETAIN_SELF = YES;
				CLANG_WARN_OBJC_LITERAL_CONVERSION = YES;
				CLANG_WARN_OBJC_ROOT_CLASS = YES_ERROR;
				CLANG_WARN_QUOTED_INCLUDE_IN_FRAMEWORK_HEADER = YES;
				CLANG_WARN_RANGE_LOOP_ANALYSIS = YES;
				CLANG_WARN_STRICT_PROTOTYPES = YES;
				CLANG_WARN_SUSPICIOUS_MOVE = YES;
				CLANG_WARN_UNGUARDED_AVAILABILITY = YES_AGGRESSIVE;
				CLANG_WARN_UNREACHABLE_CODE = YES;
				CLANG_WARN__DUPLICATE_METHOD_MATCH = YES;
				COPY_PHASE_STRIP = NO;
				DEBUG_INFORMATION_FORMAT = "dwarf-with-dsym";
				ENABLE_NS_ASSERTIONS = NO;
				ENABLE_STRICT_OBJC_MSGSEND = YES;
				ENABLE_USER_SCRIPT_SANDBOXING = YES;
				GCC_C_LANGUAGE_STANDARD = gnu17;
				GCC_NO_COMMON_BLOCKS = YES;
				GCC_WARN_64_TO_32_BIT_CONVERSION = YES;
				GCC_WARN_ABOUT_RETURN_TYPE = YES_ERROR;
				GCC_WARN_UNDECLARED_SELECTOR = YES;
				GCC_WARN_UNINITIALIZED_AUTOS = YES_AGGRESSIVE;
				GCC_WARN_UNUSED_FUNCTION = YES;
				GCC_WARN_UNUSED_VARIABLE = YES;
				IPHONEOS_DEPLOYMENT_TARGET = 18.1;
				LOCALIZATION_PREFERS_STRING_CATALOGS = YES;
				MTL_ENABLE_DEBUG_INFO = NO;
				MTL_FAST_MATH = YES;
				SDKROOT = iphoneos;
				SWIFT_COMPILATION_MODE = wholemodule;
				VALIDATE_PRODUCT = YES;
			};
			name = Release;
		};
		AC3A0F3E2E7538BB000CFC19 /* Debug */ = {
			isa = XCBuildConfiguration;
			buildSettings = {
				ASSETCATALOG_COMPILER_APPICON_NAME = AppIcon;
				ASSETCATALOG_COMPILER_GLOBAL_ACCENT_COLOR_NAME = AccentColor;
				CODE_SIGN_IDENTITY = "Apple Distribution: Mekala Vamsi Krishna (K4K55XNXA6)";
				CODE_SIGN_STYLE = Manual;
				CURRENT_PROJECT_VERSION = 2;
				DEVELOPMENT_ASSET_PATHS = "\"NaaPaata/Preview Content\"";
				DEVELOPMENT_TEAM = K4K55XNXA6;
				ENABLE_PREVIEWS = YES;
				GENERATE_INFOPLIST_FILE = YES;
				INFOPLIST_FILE = NaaPaata/Info.plist;
				INFOPLIST_KEY_LSSupportsOpeningDocumentsInPlace = YES;
				INFOPLIST_KEY_NSUserTrackingUsageDescription = "This identifier will be used to deliver personalized ads to you.";
				INFOPLIST_KEY_UIApplicationSceneManifest_Generation = YES;
				INFOPLIST_KEY_UIApplicationSupportsIndirectInputEvents = YES;
				INFOPLIST_KEY_UILaunchStoryboardName = "Launch Screen";
				INFOPLIST_KEY_UISupportedInterfaceOrientations_iPad = "UIInterfaceOrientationPortrait UIInterfaceOrientationPortraitUpsideDown UIInterfaceOrientationLandscapeLeft UIInterfaceOrientationLandscapeRight";
				INFOPLIST_KEY_UISupportedInterfaceOrientations_iPhone = "UIInterfaceOrientationPortrait UIInterfaceOrientationLandscapeLeft UIInterfaceOrientationLandscapeRight";
				IPHONEOS_DEPLOYMENT_TARGET = 17.0;
				LD_RUNPATH_SEARCH_PATHS = (
					"$(inherited)",
					"@executable_path/Frameworks",
				);
				MARKETING_VERSION = 1.0;
				PRODUCT_BUNDLE_IDENTIFIER = com.naapaata.mp3;
				PRODUCT_NAME = "$(TARGET_NAME)";
				PROVISIONING_PROFILE_SPECIFIER = "";
				SUPPORTED_PLATFORMS = "iphoneos iphonesimulator";
				SUPPORTS_MACCATALYST = NO;
				SUPPORTS_MAC_DESIGNED_FOR_IPHONE_IPAD = NO;
				SUPPORTS_XR_DESIGNED_FOR_IPHONE_IPAD = NO;
				SWIFT_EMIT_LOC_STRINGS = YES;
				SWIFT_VERSION = 5.0;
				TARGETED_DEVICE_FAMILY = "1,2";
			};
			name = Debug;
		};
		AC3A0F3F2E7538BB000CFC19 /* Release */ = {
			isa = XCBuildConfiguration;
			buildSettings = {
				ASSETCATALOG_COMPILER_APPICON_NAME = AppIcon;
				ASSETCATALOG_COMPILER_GLOBAL_ACCENT_COLOR_NAME = AccentColor;
				CODE_SIGN_IDENTITY = "Apple Distribution: Mekala Vamsi Krishna (K4K55XNXA6)";
				"CODE_SIGN_IDENTITY[sdk=iphoneos*]" = "Apple Distribution: Mekala Vamsi Krishna (K4K55XNXA6)";
				CODE_SIGN_STYLE = Manual;
				CURRENT_PROJECT_VERSION = 2;
				DEVELOPMENT_ASSET_PATHS = "\"NaaPaata/Preview Content\"";
				DEVELOPMENT_TEAM = K4K55XNXA6;
				"DEVELOPMENT_TEAM[sdk=iphoneos*]" = K4K55XNXA6;
				ENABLE_PREVIEWS = YES;
				GENERATE_INFOPLIST_FILE = YES;
				INFOPLIST_FILE = NaaPaata/Info.plist;
				INFOPLIST_KEY_LSSupportsOpeningDocumentsInPlace = YES;
				INFOPLIST_KEY_NSUserTrackingUsageDescription = "This identifier will be used to deliver personalized ads to you.";
				INFOPLIST_KEY_UIApplicationSceneManifest_Generation = YES;
				INFOPLIST_KEY_UIApplicationSupportsIndirectInputEvents = YES;
				INFOPLIST_KEY_UILaunchStoryboardName = "Launch Screen";
				INFOPLIST_KEY_UISupportedInterfaceOrientations_iPad = "UIInterfaceOrientationPortrait UIInterfaceOrientationPortraitUpsideDown UIInterfaceOrientationLandscapeLeft UIInterfaceOrientationLandscapeRight";
				INFOPLIST_KEY_UISupportedInterfaceOrientations_iPhone = "UIInterfaceOrientationPortrait UIInterfaceOrientationLandscapeLeft UIInterfaceOrientationLandscapeRight";
				IPHONEOS_DEPLOYMENT_TARGET = 17.0;
				LD_RUNPATH_SEARCH_PATHS = (
					"$(inherited)",
					"@executable_path/Frameworks",
				);
				MARKETING_VERSION = 1.0;
				PRODUCT_BUNDLE_IDENTIFIER = com.naapaata.mp3;
				PRODUCT_NAME = "$(TARGET_NAME)";
				PROVISIONING_PROFILE_SPECIFIER = "";
				"PROVISIONING_PROFILE_SPECIFIER[sdk=iphoneos*]" = "NaaPaata Prod Profile";
				SUPPORTED_PLATFORMS = "iphoneos iphonesimulator";
				SUPPORTS_MACCATALYST = NO;
				SUPPORTS_MAC_DESIGNED_FOR_IPHONE_IPAD = NO;
				SUPPORTS_XR_DESIGNED_FOR_IPHONE_IPAD = NO;
				SWIFT_EMIT_LOC_STRINGS = YES;
				SWIFT_VERSION = 5.0;
				TARGETED_DEVICE_FAMILY = "1,2";
			};
			name = Release;
		};
/* End XCBuildConfiguration section */

/* Begin XCConfigurationList section */
		AC3A0F2A2E7538B9000CFC19 /* Build configuration list for PBXProject "NaaPaata" */ = {
			isa = XCConfigurationList;
			buildConfigurations = (
				AC3A0F3B2E7538BB000CFC19 /* Debug */,
				AC3A0F3C2E7538BB000CFC19 /* Release */,
			);
			defaultConfigurationIsVisible = 0;
			defaultConfigurationName = Release;
		};
		AC3A0F3D2E7538BB000CFC19 /* Build configuration list for PBXNativeTarget "NaaPaata" */ = {
			isa = XCConfigurationList;
			buildConfigurations = (
				AC3A0F3E2E7538BB000CFC19 /* Debug */,
				AC3A0F3F2E7538BB000CFC19 /* Release */,
			);
			defaultConfigurationIsVisible = 0;
			defaultConfigurationName = Release;
		};
/* End XCConfigurationList section */

/* Begin XCRemoteSwiftPackageReference section */
		CE090E582F26365800B45930 /* XCRemoteSwiftPackageReference "swift-package-manager-google-mobile-ads" */ = {
			isa = XCRemoteSwiftPackageReference;
			repositoryURL = "https://github.com/googleads/swift-package-manager-google-mobile-ads.git";
			requirement = {
				kind = upToNextMajorVersion;
				minimumVersion = 12.14.0;
			};
		};
/* End XCRemoteSwiftPackageReference section */

/* Begin XCSwiftPackageProductDependency section */
		CE090E592F26365800B45930 /* GoogleMobileAds */ = {
			isa = XCSwiftPackageProductDependency;
			package = CE090E582F26365800B45930 /* XCRemoteSwiftPackageReference "swift-package-manager-google-mobile-ads" */;
			productName = GoogleMobileAds;
		};
/* End XCSwiftPackageProductDependency section */
	};
	rootObject = AC3A0F272E7538B9000CFC19 /* Project object */;
}
